// !$*UTF8*$!
{
	archiveVersion = 1;
	classes = {
	};
	objectVersion = 55;
	objects = {

/* Begin PBXBuildFile section */
		9F1EB9AB289FF862007DA2E6 /* AppDelegate.swift in Sources */ = {isa = PBXBuildFile; fileRef = 9F1EB9AA289FF862007DA2E6 /* AppDelegate.swift */; };
		9F1EB9AD289FF862007DA2E6 /* SceneDelegate.swift in Sources */ = {isa = PBXBuildFile; fileRef = 9F1EB9AC289FF862007DA2E6 /* SceneDelegate.swift */; };
		9F1EB9AF289FF862007DA2E6 /* ViewController.swift in Sources */ = {isa = PBXBuildFile; fileRef = 9F1EB9AE289FF862007DA2E6 /* ViewController.swift */; };
		9F1EB9B2289FF862007DA2E6 /* Main.storyboard in Resources */ = {isa = PBXBuildFile; fileRef = 9F1EB9B0289FF862007DA2E6 /* Main.storyboard */; };
		9F1EB9B4289FF865007DA2E6 /* Assets.xcassets in Resources */ = {isa = PBXBuildFile; fileRef = 9F1EB9B3289FF865007DA2E6 /* Assets.xcassets */; };
		9F1EB9B7289FF865007DA2E6 /* LaunchScreen.storyboard in Resources */ = {isa = PBXBuildFile; fileRef = 9F1EB9B5289FF865007DA2E6 /* LaunchScreen.storyboard */; };
		9F1EB9C0289FF977007DA2E6 /* RxCocoa in Frameworks */ = {isa = PBXBuildFile; productRef = 9F1EB9BF289FF977007DA2E6 /* RxCocoa */; };
		9F1EB9C2289FF977007DA2E6 /* RxSwift in Frameworks */ = {isa = PBXBuildFile; productRef = 9F1EB9C1289FF977007DA2E6 /* RxSwift */; };
		9F1EB9C5289FFE6D007DA2E6 /* StockPrice.swift in Sources */ = {isa = PBXBuildFile; fileRef = 9F1EB9C4289FFE6D007DA2E6 /* StockPrice.swift */; };
		9F1EB9C8289FFEB7007DA2E6 /* StocksApi.swift in Sources */ = {isa = PBXBuildFile; fileRef = 9F1EB9C7289FFEB7007DA2E6 /* StocksApi.swift */; };
		9F1EB9CA289FFEC0007DA2E6 /* StocksTicker.swift in Sources */ = {isa = PBXBuildFile; fileRef = 9F1EB9C9289FFEC0007DA2E6 /* StocksTicker.swift */; };
		9F1EB9CD289FFF05007DA2E6 /* StockTableViewCell.swift in Sources */ = {isa = PBXBuildFile; fileRef = 9F1EB9CC289FFF05007DA2E6 /* StockTableViewCell.swift */; };
/* End PBXBuildFile section */

/* Begin PBXFileReference section */
		9F1EB9A7289FF862007DA2E6 /* RaywenderichTutorial.app */ = {isa = PBXFileReference; explicitFileType = wrapper.application; includeInIndex = 0; path = RaywenderichTutorial.app; sourceTree = BUILT_PRODUCTS_DIR; };
		9F1EB9AA289FF862007DA2E6 /* AppDelegate.swift */ = {isa = PBXFileReference; lastKnownFileType = sourcecode.swift; path = AppDelegate.swift; sourceTree = "<group>"; };
		9F1EB9AC289FF862007DA2E6 /* SceneDelegate.swift */ = {isa = PBXFileReference; lastKnownFileType = sourcecode.swift; path = SceneDelegate.swift; sourceTree = "<group>"; };
		9F1EB9AE289FF862007DA2E6 /* ViewController.swift */ = {isa = PBXFileReference; lastKnownFileType = sourcecode.swift; path = ViewController.swift; sourceTree = "<group>"; };
		9F1EB9B1289FF862007DA2E6 /* Base */ = {isa = PBXFileReference; lastKnownFileType = file.storyboard; name = Base; path = Base.lproj/Main.storyboard; sourceTree = "<group>"; };
		9F1EB9B3289FF865007DA2E6 /* Assets.xcassets */ = {isa = PBXFileReference; lastKnownFileType = folder.assetcatalog; path = Assets.xcassets; sourceTree = "<group>"; };
		9F1EB9B6289FF865007DA2E6 /* Base */ = {isa = PBXFileReference; lastKnownFileType = file.storyboard; name = Base; path = Base.lproj/LaunchScreen.storyboard; sourceTree = "<group>"; };
		9F1EB9B8289FF865007DA2E6 /* Info.plist */ = {isa = PBXFileReference; lastKnownFileType = text.plist.xml; path = Info.plist; sourceTree = "<group>"; };
		9F1EB9C4289FFE6D007DA2E6 /* StockPrice.swift */ = {isa = PBXFileReference; lastKnownFileType = sourcecode.swift; path = StockPrice.swift; sourceTree = "<group>"; };
		9F1EB9C7289FFEB7007DA2E6 /* StocksApi.swift */ = {isa = PBXFileReference; lastKnownFileType = sourcecode.swift; path = StocksApi.swift; sourceTree = "<group>"; };
		9F1EB9C9289FFEC0007DA2E6 /* StocksTicker.swift */ = {isa = PBXFileReference; lastKnownFileType = sourcecode.swift; path = StocksTicker.swift; sourceTree = "<group>"; };
		9F1EB9CC289FFF05007DA2E6 /* StockTableViewCell.swift */ = {isa = PBXFileReference; lastKnownFileType = sourcecode.swift; path = StockTableViewCell.swift; sourceTree = "<group>"; };
/* End PBXFileReference section */

/* Begin PBXFrameworksBuildPhase section */
		9F1EB9A4289FF862007DA2E6 /* Frameworks */ = {
			isa = PBXFrameworksBuildPhase;
			buildActionMask = 2147483647;
			files = (
				9F1EB9C2289FF977007DA2E6 /* RxSwift in Frameworks */,
				9F1EB9C0289FF977007DA2E6 /* RxCocoa in Frameworks */,
			);
			runOnlyForDeploymentPostprocessing = 0;
		};
/* End PBXFrameworksBuildPhase section */

/* Begin PBXGroup section */
		9F1EB99E289FF862007DA2E6 = {
			isa = PBXGroup;
			children = (
				9F1EB9A9289FF862007DA2E6 /* RaywenderichTutorial */,
				9F1EB9A8289FF862007DA2E6 /* Products */,
			);
			sourceTree = "<group>";
		};
		9F1EB9A8289FF862007DA2E6 /* Products */ = {
			isa = PBXGroup;
			children = (
				9F1EB9A7289FF862007DA2E6 /* RaywenderichTutorial.app */,
			);
			name = Products;
			sourceTree = "<group>";
		};
		9F1EB9A9289FF862007DA2E6 /* RaywenderichTutorial */ = {
			isa = PBXGroup;
			children = (
				9F1EB9C6289FFE8B007DA2E6 /* Networking */,
				9F1EB9C3289FFE51007DA2E6 /* Models */,
				9F1EB9AA289FF862007DA2E6 /* AppDelegate.swift */,
				9F1EB9AC289FF862007DA2E6 /* SceneDelegate.swift */,
				9F1EB9CB289FFED7007DA2E6 /* StockListScreen */,
				9F1EB9B0289FF862007DA2E6 /* Main.storyboard */,
				9F1EB9B3289FF865007DA2E6 /* Assets.xcassets */,
				9F1EB9B5289FF865007DA2E6 /* LaunchScreen.storyboard */,
				9F1EB9B8289FF865007DA2E6 /* Info.plist */,
			);
			path = RaywenderichTutorial;
			sourceTree = "<group>";
		};
		9F1EB9C3289FFE51007DA2E6 /* Models */ = {
			isa = PBXGroup;
			children = (
				9F1EB9C4289FFE6D007DA2E6 /* StockPrice.swift */,
			);
			path = Models;
			sourceTree = "<group>";
		};
		9F1EB9C6289FFE8B007DA2E6 /* Networking */ = {
			isa = PBXGroup;
			children = (
				9F1EB9C7289FFEB7007DA2E6 /* StocksApi.swift */,
				9F1EB9C9289FFEC0007DA2E6 /* StocksTicker.swift */,
			);
			path = Networking;
			sourceTree = "<group>";
		};
		9F1EB9CB289FFED7007DA2E6 /* StockListScreen */ = {
			isa = PBXGroup;
			children = (
				9F1EB9AE289FF862007DA2E6 /* ViewController.swift */,
				9F1EB9CC289FFF05007DA2E6 /* StockTableViewCell.swift */,
			);
			path = StockListScreen;
			sourceTree = "<group>";
		};
/* End PBXGroup section */

/* Begin PBXNativeTarget section */
		9F1EB9A6289FF862007DA2E6 /* RaywenderichTutorial */ = {
			isa = PBXNativeTarget;
			buildConfigurationList = 9F1EB9BB289FF865007DA2E6 /* Build configuration list for PBXNativeTarget "RaywenderichTutorial" */;
			buildPhases = (
				9F1EB9A3289FF862007DA2E6 /* Sources */,
				9F1EB9A4289FF862007DA2E6 /* Frameworks */,
				9F1EB9A5289FF862007DA2E6 /* Resources */,
			);
			buildRules = (
			);
			dependencies = (
			);
			name = RaywenderichTutorial;
			packageProductDependencies = (
				9F1EB9BF289FF977007DA2E6 /* RxCocoa */,
				9F1EB9C1289FF977007DA2E6 /* RxSwift */,
			);
			productName = RaywenderichTutorial;
			productReference = 9F1EB9A7289FF862007DA2E6 /* RaywenderichTutorial.app */;
			productType = "com.apple.product-type.application";
		};
/* End PBXNativeTarget section */

/* Begin PBXProject section */
		9F1EB99F289FF862007DA2E6 /* Project object */ = {
			isa = PBXProject;
			attributes = {
				BuildIndependentTargetsInParallel = 1;
				LastSwiftUpdateCheck = 1320;
				LastUpgradeCheck = 1320;
				TargetAttributes = {
					9F1EB9A6289FF862007DA2E6 = {
						CreatedOnToolsVersion = 13.2.1;
					};
				};
			};
			buildConfigurationList = 9F1EB9A2289FF862007DA2E6 /* Build configuration list for PBXProject "RaywenderichTutorial" */;
			compatibilityVersion = "Xcode 13.0";
			developmentRegion = en;
			hasScannedForEncodings = 0;
			knownRegions = (
				en,
				Base,
			);
			mainGroup = 9F1EB99E289FF862007DA2E6;
			packageReferences = (
				9F1EB9BE289FF977007DA2E6 /* XCRemoteSwiftPackageReference "RxSwift" */,
			);
			productRefGroup = 9F1EB9A8289FF862007DA2E6 /* Products */;
			projectDirPath = "";
			projectRoot = "";
			targets = (
				9F1EB9A6289FF862007DA2E6 /* RaywenderichTutorial */,
			);
		};
/* End PBXProject section */

/* Begin PBXResourcesBuildPhase section */
		9F1EB9A5289FF862007DA2E6 /* Resources */ = {
			isa = PBXResourcesBuildPhase;
			buildActionMask = 2147483647;
			files = (
				9F1EB9B7289FF865007DA2E6 /* LaunchScreen.storyboard in Resources */,
				9F1EB9B4289FF865007DA2E6 /* Assets.xcassets in Resources */,
				9F1EB9B2289FF862007DA2E6 /* Main.storyboard in Resources */,
			);
			runOnlyForDeploymentPostprocessing = 0;
		};
/* End PBXResourcesBuildPhase section */

/* Begin PBXSourcesBuildPhase section */
		9F1EB9A3289FF862007DA2E6 /* Sources */ = {
			isa = PBXSourcesBuildPhase;
			buildActionMask = 2147483647;
			files = (
				9F1EB9CD289FFF05007DA2E6 /* StockTableViewCell.swift in Sources */,
				9F1EB9CA289FFEC0007DA2E6 /* StocksTicker.swift in Sources */,
				9F1EB9AF289FF862007DA2E6 /* ViewController.swift in Sources */,
				9F1EB9AB289FF862007DA2E6 /* AppDelegate.swift in Sources */,
				9F1EB9C8289FFEB7007DA2E6 /* StocksApi.swift in Sources */,
				9F1EB9C5289FFE6D007DA2E6 /* StockPrice.swift in Sources */,
				9F1EB9AD289FF862007DA2E6 /* SceneDelegate.swift in Sources */,
			);
			runOnlyForDeploymentPostprocessing = 0;
		};
/* End PBXSourcesBuildPhase section */

/* Begin PBXVariantGroup section */
		9F1EB9B0289FF862007DA2E6 /* Main.storyboard */ = {
			isa = PBXVariantGroup;
			children = (
				9F1EB9B1289FF862007DA2E6 /* Base */,
			);
			name = Main.storyboard;
			sourceTree = "<group>";
		};
		9F1EB9B5289FF865007DA2E6 /* LaunchScreen.storyboard */ = {
			isa = PBXVariantGroup;
			children = (
				9F1EB9B6289FF865007DA2E6 /* Base */,
			);
			name = LaunchScreen.storyboard;
			sourceTree = "<group>";
		};
/* End PBXVariantGroup section */

/* Begin XCBuildConfiguration section */
		9F1EB9B9289FF865007DA2E6 /* Debug */ = {
			isa = XCBuildConfiguration;
			buildSettings = {
				ALWAYS_SEARCH_USER_PATHS = NO;
				CLANG_ANALYZER_NONNULL = YES;
				CLANG_ANALYZER_NUMBER_OBJECT_CONVERSION = YES_AGGRESSIVE;
				CLANG_CXX_LANGUAGE_STANDARD = "gnu++17";
				CLANG_CXX_LIBRARY = "libc++";
				CLANG_ENABLE_MODULES = YES;
				CLANG_ENABLE_OBJC_ARC = YES;
				CLANG_ENABLE_OBJC_WEAK = YES;
				CLANG_WARN_BLOCK_CAPTURE_AUTORELEASING = YES;
				CLANG_WARN_BOOL_CONVERSION = YES;
				CLANG_WARN_COMMA = YES;
				CLANG_WARN_CONSTANT_CONVERSION = YES;
				CLANG_WARN_DEPRECATED_OBJC_IMPLEMENTATIONS = YES;
				CLANG_WARN_DIRECT_OBJC_ISA_USAGE = YES_ERROR;
				CLANG_WARN_DOCUMENTATION_COMMENTS = YES;
				CLANG_WARN_EMPTY_BODY = YES;
				CLANG_WARN_ENUM_CONVERSION = YES;
				CLANG_WARN_INFINITE_RECURSION = YES;
				CLANG_WARN_INT_CONVERSION = YES;
				CLANG_WARN_NON_LITERAL_NULL_CONVERSION = YES;
				CLANG_WARN_OBJC_IMPLICIT_RETAIN_SELF = YES;
				CLANG_WARN_OBJC_LITERAL_CONVERSION = YES;
				CLANG_WARN_OBJC_ROOT_CLASS = YES_ERROR;
				CLANG_WARN_QUOTED_INCLUDE_IN_FRAMEWORK_HEADER = YES;
				CLANG_WARN_RANGE_LOOP_ANALYSIS = YES;
				CLANG_WARN_STRICT_PROTOTYPES = YES;
				CLANG_WARN_SUSPICIOUS_MOVE = YES;
				CLANG_WARN_UNGUARDED_AVAILABILITY = YES_AGGRESSIVE;
				CLANG_WARN_UNREACHABLE_CODE = YES;
				CLANG_WARN__DUPLICATE_METHOD_MATCH = YES;
				COPY_PHASE_STRIP = NO;
				DEBUG_INFORMATION_FORMAT = dwarf;
				ENABLE_STRICT_OBJC_MSGSEND = YES;
				ENABLE_TESTABILITY = YES;
				GCC_C_LANGUAGE_STANDARD = gnu11;
				GCC_DYNAMIC_NO_PIC = NO;
				GCC_NO_COMMON_BLOCKS = YES;
				GCC_OPTIMIZATION_LEVEL = 0;
				GCC_PREPROCESSOR_DEFINITIONS = (
					"DEBUG=1",
					"$(inherited)",
				);
				GCC_WARN_64_TO_32_BIT_CONVERSION = YES;
				GCC_WARN_ABOUT_RETURN_TYPE = YES_ERROR;
				GCC_WARN_UNDECLARED_SELECTOR = YES;
				GCC_WARN_UNINITIALIZED_AUTOS = YES_AGGRESSIVE;
				GCC_WARN_UNUSED_FUNCTION = YES;
				GCC_WARN_UNUSED_VARIABLE = YES;
				IPHONEOS_DEPLOYMENT_TARGET = 15.2;
				MTL_ENABLE_DEBUG_INFO = INCLUDE_SOURCE;
				MTL_FAST_MATH = YES;
				ONLY_ACTIVE_ARCH = YES;
				SDKROOT = iphoneos;
				SWIFT_ACTIVE_COMPILATION_CONDITIONS = DEBUG;
				SWIFT_OPTIMIZATION_LEVEL = "-Onone";
			};
			name = Debug;
		};
		9F1EB9BA289FF865007DA2E6 /* Release */ = {
			isa = XCBuildConfiguration;
			buildSettings = {
				ALWAYS_SEARCH_USER_PATHS = NO;
				CLANG_ANALYZER_NONNULL = YES;
				CLANG_ANALYZER_NUMBER_OBJECT_CONVERSION = YES_AGGRESSIVE;
				CLANG_CXX_LANGUAGE_STANDARD = "gnu++17";
				CLANG_CXX_LIBRARY = "libc++";
				CLANG_ENABLE_MODULES = YES;
				CLANG_ENABLE_OBJC_ARC = YES;
				CLANG_ENABLE_OBJC_WEAK = YES;
				CLANG_WARN_BLOCK_CAPTURE_AUTORELEASING = YES;
				CLANG_WARN_BOOL_CONVERSION = YES;
				CLANG_WARN_COMMA = YES;
				CLANG_WARN_CONSTANT_CONVERSION = YES;
				CLANG_WARN_DEPRECATED_OBJC_IMPLEMENTATIONS = YES;
				CLANG_WARN_DIRECT_OBJC_ISA_USAGE = YES_ERROR;
				CLANG_WARN_DOCUMENTATION_COMMENTS = YES;
				CLANG_WARN_EMPTY_BODY = YES;
				CLANG_WARN_ENUM_CONVERSION = YES;
				CLANG_WARN_INFINITE_RECURSION = YES;
				CLANG_WARN_INT_CONVERSION = YES;
				CLANG_WARN_NON_LITERAL_NULL_CONVERSION = YES;
				CLANG_WARN_OBJC_IMPLICIT_RETAIN_SELF = YES;
				CLANG_WARN_OBJC_LITERAL_CONVERSION = YES;
				CLANG_WARN_OBJC_ROOT_CLASS = YES_ERROR;
				CLANG_WARN_QUOTED_INCLUDE_IN_FRAMEWORK_HEADER = YES;
				CLANG_WARN_RANGE_LOOP_ANALYSIS = YES;
				CLANG_WARN_STRICT_PROTOTYPES = YES;
				CLANG_WARN_SUSPICIOUS_MOVE = YES;
				CLANG_WARN_UNGUARDED_AVAILABILITY = YES_AGGRESSIVE;
				CLANG_WARN_UNREACHABLE_CODE = YES;
				CLANG_WARN__DUPLICATE_METHOD_MATCH = YES;
				COPY_PHASE_STRIP = NO;
				DEBUG_INFORMATION_FORMAT = "dwarf-with-dsym";
				ENABLE_NS_ASSERTIONS = NO;
				ENABLE_STRICT_OBJC_MSGSEND = YES;
				GCC_C_LANGUAGE_STANDARD = gnu11;
				GCC_NO_COMMON_BLOCKS = YES;
				GCC_WARN_64_TO_32_BIT_CONVERSION = YES;
				GCC_WARN_ABOUT_RETURN_TYPE = YES_ERROR;
				GCC_WARN_UNDECLARED_SELECTOR = YES;
				GCC_WARN_UNINITIALIZED_AUTOS = YES_AGGRESSIVE;
				GCC_WARN_UNUSED_FUNCTION = YES;
				GCC_WARN_UNUSED_VARIABLE = YES;
				IPHONEOS_DEPLOYMENT_TARGET = 15.2;
				MTL_ENABLE_DEBUG_INFO = NO;
				MTL_FAST_MATH = YES;
				SDKROOT = iphoneos;
				SWIFT_COMPILATION_MODE = wholemodule;
				SWIFT_OPTIMIZATION_LEVEL = "-O";
				VALIDATE_PRODUCT = YES;
			};
			name = Release;
		};
		9F1EB9BC289FF865007DA2E6 /* Debug */ = {
			isa = XCBuildConfiguration;
			buildSettings = {
				ASSETCATALOG_COMPILER_APPICON_NAME = AppIcon;
				ASSETCATALOG_COMPILER_GLOBAL_ACCENT_COLOR_NAME = AccentColor;
				CODE_SIGN_STYLE = Automatic;
				CURRENT_PROJECT_VERSION = 1;
				GENERATE_INFOPLIST_FILE = YES;
				INFOPLIST_FILE = RaywenderichTutorial/Info.plist;
				INFOPLIST_KEY_UIApplicationSupportsIndirectInputEvents = YES;
				INFOPLIST_KEY_UILaunchStoryboardName = LaunchScreen;
				INFOPLIST_KEY_UIMainStoryboardFile = Main;
				INFOPLIST_KEY_UISupportedInterfaceOrientations_iPad = "UIInterfaceOrientationPortrait UIInterfaceOrientationPortraitUpsideDown UIInterfaceOrientationLandscapeLeft UIInterfaceOrientationLandscapeRight";
				INFOPLIST_KEY_UISupportedInterfaceOrientations_iPhone = "UIInterfaceOrientationPortrait UIInterfaceOrientationLandscapeLeft UIInterfaceOrientationLandscapeRight";
				LD_RUNPATH_SEARCH_PATHS = (
					"$(inherited)",
					"@executable_path/Frameworks",
				);
				MARKETING_VERSION = 1.0;
				PRODUCT_BUNDLE_IDENTIFIER = com.rxswift.RaywenderichTutorial;
				PRODUCT_NAME = "$(TARGET_NAME)";
				SWIFT_EMIT_LOC_STRINGS = YES;
				SWIFT_VERSION = 5.0;
				TARGETED_DEVICE_FAMILY = "1,2";
			};
			name = Debug;
		};
		9F1EB9BD289FF865007DA2E6 /* Release */ = {
			isa = XCBuildConfiguration;
			buildSettings = {
				ASSETCATALOG_COMPILER_APPICON_NAME = AppIcon;
				ASSETCATALOG_COMPILER_GLOBAL_ACCENT_COLOR_NAME = AccentColor;
				CODE_SIGN_STYLE = Automatic;
				CURRENT_PROJECT_VERSION = 1;
				GENERATE_INFOPLIST_FILE = YES;
				INFOPLIST_FILE = RaywenderichTutorial/Info.plist;
				INFOPLIST_KEY_UIApplicationSupportsIndirectInputEvents = YES;
				INFOPLIST_KEY_UILaunchStoryboardName = LaunchScreen;
				INFOPLIST_KEY_UIMainStoryboardFile = Main;
				INFOPLIST_KEY_UISupportedInterfaceOrientations_iPad = "UIInterfaceOrientationPortrait UIInterfaceOrientationPortraitUpsideDown UIInterfaceOrientationLandscapeLeft UIInterfaceOrientationLandscapeRight";
				INFOPLIST_KEY_UISupportedInterfaceOrientations_iPhone = "UIInterfaceOrientationPortrait UIInterfaceOrientationLandscapeLeft UIInterfaceOrientationLandscapeRight";
				LD_RUNPATH_SEARCH_PATHS = (
					"$(inherited)",
					"@executable_path/Frameworks",
				);
				MARKETING_VERSION = 1.0;
				PRODUCT_BUNDLE_IDENTIFIER = com.rxswift.RaywenderichTutorial;
				PRODUCT_NAME = "$(TARGET_NAME)";
				SWIFT_EMIT_LOC_STRINGS = YES;
				SWIFT_VERSION = 5.0;
				TARGETED_DEVICE_FAMILY = "1,2";
			};
			name = Release;
		};
/* End XCBuildConfiguration section */

/* Begin XCConfigurationList section */
		9F1EB9A2289FF862007DA2E6 /* Build configuration list for PBXProject "RaywenderichTutorial" */ = {
			isa = XCConfigurationList;
			buildConfigurations = (
				9F1EB9B9289FF865007DA2E6 /* Debug */,
				9F1EB9BA289FF865007DA2E6 /* Release */,
			);
			defaultConfigurationIsVisible = 0;
			defaultConfigurationName = Release;
		};
		9F1EB9BB289FF865007DA2E6 /* Build configuration list for PBXNativeTarget "RaywenderichTutorial" */ = {
			isa = XCConfigurationList;
			buildConfigurations = (
				9F1EB9BC289FF865007DA2E6 /* Debug */,
				9F1EB9BD289FF865007DA2E6 /* Release */,
			);
			defaultConfigurationIsVisible = 0;
			defaultConfigurationName = Release;
		};
/* End XCConfigurationList section */

/* Begin XCRemoteSwiftPackageReference section */
		9F1EB9BE289FF977007DA2E6 /* XCRemoteSwiftPackageReference "RxSwift" */ = {
			isa = XCRemoteSwiftPackageReference;
			repositoryURL = "https://github.com/ReactiveX/RxSwift";
			requirement = {
				kind = upToNextMajorVersion;
				minimumVersion = 6.0.0;
			};
		};
/* End XCRemoteSwiftPackageReference section */

/* Begin XCSwiftPackageProductDependency section */
		9F1EB9BF289FF977007DA2E6 /* RxCocoa */ = {
			isa = XCSwiftPackageProductDependency;
			package = 9F1EB9BE289FF977007DA2E6 /* XCRemoteSwiftPackageReference "RxSwift" */;
			productName = RxCocoa;
		};
		9F1EB9C1289FF977007DA2E6 /* RxSwift */ = {
			isa = XCSwiftPackageProductDependency;
			package = 9F1EB9BE289FF977007DA2E6 /* XCRemoteSwiftPackageReference "RxSwift" */;
			productName = RxSwift;
		};
/* End XCSwiftPackageProductDependency section */
	};
	rootObject = 9F1EB99F289FF862007DA2E6 /* Project object */;
}
